PODS:
  - SDWebImage (5.10.0):
    - SDWebImage/Core (= 5.10.0)
  - SDWebImage/Core (5.10.0)
  - SwiftLint (0.42.0)

DEPENDENCIES:
  - SDWebImage (~> 5.0)
  - SwiftLint

SPEC REPOS:
  trunk:
    - SDWebImage
    - SwiftLint

SPEC CHECKSUMS:
  SDWebImage: 9169792e9eec3e45bba2a0c02f74bf8bd922d1ee
  SwiftLint: 4fa9579c63416865179bc416f0a92d55f009600d

PODFILE CHECKSUM: df6198538373d1f6496126586986fd329bef9fd7

COCOAPODS: 1.9.1
